
Microsoft Visual Studio Solution File, Format Version 12.00
# Visual Studio 15
VisualStudioVersion = 15.0.28307.421
MinimumVisualStudioVersion = 10.0.40219.1
Project("{FAE04EC0-301F-11D3-BF4B-00C04F79EFBC}") = "AntiVirusGUI", "AntiVirusGUI\AntiVirusGUI.csproj", "{44688936-0D71-454A-95A1-3B9023D0D26D}"
EndProject
Global
	GlobalSection(SolutionConfigurationPlatforms) = preSolution
		Debug|Any CPU = Debug|Any CPU
		Release|Any CPU = Release|Any CPU
	EndGlobalSection
	GlobalSection(ProjectConfigurationPlatforms) = postSolution
		{44688936-0D71-454A-95A1-3B9023D0D26D}.Debug|Any CPU.ActiveCfg = Debug|Any CPU
		{44688936-0D71-454A-95A1-3B9023D0D26D}.Debug|Any CPU.Build.0 = Debug|Any CPU
		{44688936-0D71-454A-95A1-3B9023D0D26D}.Release|Any CPU.ActiveCfg = Release|Any CPU
		{44688936-0D71-454A-95A1-3B9023D0D26D}.Release|Any CPU.Build.0 = Release|Any CPU
	EndGlobalSection
	GlobalSection(SolutionProperties) = preSolution
		HideSolutionNode = FALSE
	EndGlobalSection
	GlobalSection(ExtensibilityGlobals) = postSolution
		SolutionGuid = {B3BD873B-22F0-44BF-91E5-BFC42F708FE2}
	EndGlobalSection
EndGlobal
